
Microsoft Visual Studio Solution File, Format Version 10.00
# Visual Studio 2008
Project("{FAE04EC0-301F-11D3-BF4B-00C04F79EFBC}") = "BackOfficeDemo", "BackOfficeDemo\BackOfficeDemo.csproj", "{2A802879-A83C-4938-B1ED-55E44E468DC7}"
EndProject
Project("{FAE04EC0-301F-11D3-BF4B-00C04F79EFBC}") = "BackofficeDemo.DAL", "BackofficeDemo.DAL\BackofficeDemo.DAL.csproj", "{8BC7B11B-FA2A-4656-98FF-CC82CE79DBCA}"
EndProject
Global
	GlobalSection(SolutionConfigurationPlatforms) = preSolution
		Debug|Any CPU = Debug|Any CPU
		Release|Any CPU = Release|Any CPU
	EndGlobalSection
	GlobalSection(ProjectConfigurationPlatforms) = postSolution
		{2A802879-A83C-4938-B1ED-55E44E468DC7}.Debug|Any CPU.ActiveCfg = Debug|Any CPU
		{2A802879-A83C-4938-B1ED-55E44E468DC7}.Debug|Any CPU.Build.0 = Debug|Any CPU
		{2A802879-A83C-4938-B1ED-55E44E468DC7}.Release|Any CPU.ActiveCfg = Release|Any CPU
		{2A802879-A83C-4938-B1ED-55E44E468DC7}.Release|Any CPU.Build.0 = Release|Any CPU
		{8BC7B11B-FA2A-4656-98FF-CC82CE79DBCA}.Debug|Any CPU.ActiveCfg = Debug|Any CPU
		{8BC7B11B-FA2A-4656-98FF-CC82CE79DBCA}.Debug|Any CPU.Build.0 = Debug|Any CPU
		{8BC7B11B-FA2A-4656-98FF-CC82CE79DBCA}.Release|Any CPU.ActiveCfg = Release|Any CPU
		{8BC7B11B-FA2A-4656-98FF-CC82CE79DBCA}.Release|Any CPU.Build.0 = Release|Any CPU
	EndGlobalSection
	GlobalSection(SolutionProperties) = preSolution
		HideSolutionNode = FALSE
	EndGlobalSection
EndGlobal
